
Microsoft Visual Studio Solution File, Format Version 12.00
# Visual Studio Version 17
VisualStudioVersion = 17.9.34728.123
MinimumVisualStudioVersion = 10.0.40219.1
Project("{FAE04EC0-301F-11D3-BF4B-00C04F79EFBC}") = "QuanLyTTTC", "QuanLyTTTC\QuanLyTTTC.csproj", "{0AAE9780-3094-47FF-945E-9EB7D9483329}"
EndProject
Global
	GlobalSection(SolutionConfigurationPlatforms) = preSolution
		Debug|Any CPU = Debug|Any CPU
		Release|Any CPU = Release|Any CPU
	EndGlobalSection
	GlobalSection(ProjectConfigurationPlatforms) = postSolution
		{0AAE9780-3094-47FF-945E-9EB7D9483329}.Debug|Any CPU.ActiveCfg = Debug|Any CPU
		{0AAE9780-3094-47FF-945E-9EB7D9483329}.Debug|Any CPU.Build.0 = Debug|Any CPU
		{0AAE9780-3094-47FF-945E-9EB7D9483329}.Release|Any CPU.ActiveCfg = Release|Any CPU
		{0AAE9780-3094-47FF-945E-9EB7D9483329}.Release|Any CPU.Build.0 = Release|Any CPU
	EndGlobalSection
	GlobalSection(SolutionProperties) = preSolution
		HideSolutionNode = FALSE
	EndGlobalSection
	GlobalSection(ExtensibilityGlobals) = postSolution
		SolutionGuid = {1B48EA33-0FB8-4D66-8F0E-BCF21B6C9DB5}
	EndGlobalSection
EndGlobal
